// !$*UTF8*$!
{
	archiveVersion = 1;
	classes = {
	};
	objectVersion = 46;
	objects = {

/* Begin PBXBuildFile section */
		DE00DA201F31BD11005103AE /* main.m in Sources */ = {isa = PBXBuildFile; fileRef = DE00DA1F1F31BD11005103AE /* main.m */; };
		DE00DA231F31BD11005103AE /* AppDelegate.m in Sources */ = {isa = PBXBuildFile; fileRef = DE00DA221F31BD11005103AE /* AppDelegate.m */; };
		DE00DA261F31BD11005103AE /* ViewController.m in Sources */ = {isa = PBXBuildFile; fileRef = DE00DA251F31BD11005103AE /* ViewController.m */; };
		DE00DA291F31BD11005103AE /* Main.storyboard in Resources */ = {isa = PBXBuildFile; fileRef = DE00DA271F31BD11005103AE /* Main.storyboard */; };
		DE00DA2C1F31BD11005103AE /* Labyrinth.xcdatamodeld in Sources */ = {isa = PBXBuildFile; fileRef = DE00DA2A1F31BD11005103AE /* Labyrinth.xcdatamodeld */; };
		DE00DA2E1F31BD11005103AE /* Assets.xcassets in Resources */ = {isa = PBXBuildFile; fileRef = DE00DA2D1F31BD11005103AE /* Assets.xcassets */; };
		DE00DA311F31BD11005103AE /* LaunchScreen.storyboard in Resources */ = {isa = PBXBuildFile; fileRef = DE00DA2F1F31BD11005103AE /* LaunchScreen.storyboard */; };
		DE00DEFF1F31BE18005103AE /* RestHelper.m in Sources */ = {isa = PBXBuildFile; fileRef = DE00DEFE1F31BE18005103AE /* RestHelper.m */; };
		DE3C3E611F34352E00C11287 /* DroneCommand.m in Sources */ = {isa = PBXBuildFile; fileRef = DE3C3E601F34352E00C11287 /* DroneCommand.m */; };
		DE3C3E851F3437D100C11287 /* AFHTTPSessionManager.m in Sources */ = {isa = PBXBuildFile; fileRef = DE3C3E641F3437D100C11287 /* AFHTTPSessionManager.m */; };
		DE3C3E861F3437D100C11287 /* AFNetworkReachabilityManager.m in Sources */ = {isa = PBXBuildFile; fileRef = DE3C3E671F3437D100C11287 /* AFNetworkReachabilityManager.m */; };
		DE3C3E871F3437D100C11287 /* AFSecurityPolicy.m in Sources */ = {isa = PBXBuildFile; fileRef = DE3C3E691F3437D100C11287 /* AFSecurityPolicy.m */; };
		DE3C3E881F3437D100C11287 /* AFURLRequestSerialization.m in Sources */ = {isa = PBXBuildFile; fileRef = DE3C3E6B1F3437D100C11287 /* AFURLRequestSerialization.m */; };
		DE3C3E891F3437D100C11287 /* AFURLResponseSerialization.m in Sources */ = {isa = PBXBuildFile; fileRef = DE3C3E6D1F3437D100C11287 /* AFURLResponseSerialization.m */; };
		DE3C3E8A1F3437D100C11287 /* AFURLSessionManager.m in Sources */ = {isa = PBXBuildFile; fileRef = DE3C3E6F1F3437D100C11287 /* AFURLSessionManager.m */; };
		DE3C3E8B1F3437D100C11287 /* AFAutoPurgingImageCache.m in Sources */ = {isa = PBXBuildFile; fileRef = DE3C3E721F3437D100C11287 /* AFAutoPurgingImageCache.m */; };
		DE3C3E8C1F3437D100C11287 /* AFImageDownloader.m in Sources */ = {isa = PBXBuildFile; fileRef = DE3C3E741F3437D100C11287 /* AFImageDownloader.m */; };
		DE3C3E8D1F3437D100C11287 /* AFNetworkActivityIndicatorManager.m in Sources */ = {isa = PBXBuildFile; fileRef = DE3C3E761F3437D100C11287 /* AFNetworkActivityIndicatorManager.m */; };
		DE3C3E8E1F3437D100C11287 /* UIActivityIndicatorView+AFNetworking.m in Sources */ = {isa = PBXBuildFile; fileRef = DE3C3E781F3437D100C11287 /* UIActivityIndicatorView+AFNetworking.m */; };
		DE3C3E8F1F3437D100C11287 /* UIButton+AFNetworking.m in Sources */ = {isa = PBXBuildFile; fileRef = DE3C3E7A1F3437D100C11287 /* UIButton+AFNetworking.m */; };
		DE3C3E901F3437D100C11287 /* UIImageView+AFNetworking.m in Sources */ = {isa = PBXBuildFile; fileRef = DE3C3E7D1F3437D100C11287 /* UIImageView+AFNetworking.m */; };
		DE3C3E911F3437D100C11287 /* UIProgressView+AFNetworking.m in Sources */ = {isa = PBXBuildFile; fileRef = DE3C3E801F3437D100C11287 /* UIProgressView+AFNetworking.m */; };
		DE3C3E921F3437D100C11287 /* UIRefreshControl+AFNetworking.m in Sources */ = {isa = PBXBuildFile; fileRef = DE3C3E821F3437D100C11287 /* UIRefreshControl+AFNetworking.m */; };
		DE3C3E931F3437D100C11287 /* UIWebView+AFNetworking.m in Sources */ = {isa = PBXBuildFile; fileRef = DE3C3E841F3437D100C11287 /* UIWebView+AFNetworking.m */; };
		DE4475A91F383B8200867218 /* Drone.m in Sources */ = {isa = PBXBuildFile; fileRef = DE4475A81F383B8200867218 /* Drone.m */; };
		DE4475AC1F38499100867218 /* QueuedCommand.m in Sources */ = {isa = PBXBuildFile; fileRef = DE4475AB1F38499100867218 /* QueuedCommand.m */; };
/* End PBXBuildFile section */

/* Begin PBXFileReference section */
		DE00DA1B1F31BD11005103AE /* Labyrinth.app */ = {isa = PBXFileReference; explicitFileType = wrapper.application; includeInIndex = 0; path = Labyrinth.app; sourceTree = BUILT_PRODUCTS_DIR; };
		DE00DA1F1F31BD11005103AE /* main.m */ = {isa = PBXFileReference; lastKnownFileType = sourcecode.c.objc; path = main.m; sourceTree = "<group>"; };
		DE00DA211F31BD11005103AE /* AppDelegate.h */ = {isa = PBXFileReference; lastKnownFileType = sourcecode.c.h; path = AppDelegate.h; sourceTree = "<group>"; };
		DE00DA221F31BD11005103AE /* AppDelegate.m */ = {isa = PBXFileReference; lastKnownFileType = sourcecode.c.objc; path = AppDelegate.m; sourceTree = "<group>"; };
		DE00DA241F31BD11005103AE /* ViewController.h */ = {isa = PBXFileReference; lastKnownFileType = sourcecode.c.h; path = ViewController.h; sourceTree = "<group>"; };
		DE00DA251F31BD11005103AE /* ViewController.m */ = {isa = PBXFileReference; lastKnownFileType = sourcecode.c.objc; path = ViewController.m; sourceTree = "<group>"; };
		DE00DA281F31BD11005103AE /* Base */ = {isa = PBXFileReference; lastKnownFileType = file.storyboard; name = Base; path = Base.lproj/Main.storyboard; sourceTree = "<group>"; };
		DE00DA2B1F31BD11005103AE /* Labyrinth.xcdatamodel */ = {isa = PBXFileReference; lastKnownFileType = wrapper.xcdatamodel; path = Labyrinth.xcdatamodel; sourceTree = "<group>"; };
		DE00DA2D1F31BD11005103AE /* Assets.xcassets */ = {isa = PBXFileReference; lastKnownFileType = folder.assetcatalog; path = Assets.xcassets; sourceTree = "<group>"; };
		DE00DA301F31BD11005103AE /* Base */ = {isa = PBXFileReference; lastKnownFileType = file.storyboard; name = Base; path = Base.lproj/LaunchScreen.storyboard; sourceTree = "<group>"; };
		DE00DA321F31BD11005103AE /* Info.plist */ = {isa = PBXFileReference; lastKnownFileType = text.plist.xml; path = Info.plist; sourceTree = "<group>"; };
		DE00DEFD1F31BE18005103AE /* RestHelper.h */ = {isa = PBXFileReference; fileEncoding = 4; lastKnownFileType = sourcecode.c.h; path = RestHelper.h; sourceTree = "<group>"; };
		DE00DEFE1F31BE18005103AE /* RestHelper.m */ = {isa = PBXFileReference; fileEncoding = 4; lastKnownFileType = sourcecode.c.objc; path = RestHelper.m; sourceTree = "<group>"; };
		DE3C3E5F1F34352E00C11287 /* DroneCommand.h */ = {isa = PBXFileReference; fileEncoding = 4; lastKnownFileType = sourcecode.c.h; path = DroneCommand.h; sourceTree = "<group>"; };
		DE3C3E601F34352E00C11287 /* DroneCommand.m */ = {isa = PBXFileReference; fileEncoding = 4; lastKnownFileType = sourcecode.c.objc; path = DroneCommand.m; sourceTree = "<group>"; };
		DE3C3E631F3437D100C11287 /* AFHTTPSessionManager.h */ = {isa = PBXFileReference; fileEncoding = 4; lastKnownFileType = sourcecode.c.h; path = AFHTTPSessionManager.h; sourceTree = "<group>"; };
		DE3C3E641F3437D100C11287 /* AFHTTPSessionManager.m */ = {isa = PBXFileReference; fileEncoding = 4; lastKnownFileType = sourcecode.c.objc; path = AFHTTPSessionManager.m; sourceTree = "<group>"; };
		DE3C3E651F3437D100C11287 /* AFNetworking.h */ = {isa = PBXFileReference; fileEncoding = 4; lastKnownFileType = sourcecode.c.h; path = AFNetworking.h; sourceTree = "<group>"; };
		DE3C3E661F3437D100C11287 /* AFNetworkReachabilityManager.h */ = {isa = PBXFileReference; fileEncoding = 4; lastKnownFileType = sourcecode.c.h; path = AFNetworkReachabilityManager.h; sourceTree = "<group>"; };
		DE3C3E671F3437D100C11287 /* AFNetworkReachabilityManager.m */ = {isa = PBXFileReference; fileEncoding = 4; lastKnownFileType = sourcecode.c.objc; path = AFNetworkReachabilityManager.m; sourceTree = "<group>"; };
		DE3C3E681F3437D100C11287 /* AFSecurityPolicy.h */ = {isa = PBXFileReference; fileEncoding = 4; lastKnownFileType = sourcecode.c.h; path = AFSecurityPolicy.h; sourceTree = "<group>"; };
		DE3C3E691F3437D100C11287 /* AFSecurityPolicy.m */ = {isa = PBXFileReference; fileEncoding = 4; lastKnownFileType = sourcecode.c.objc; path = AFSecurityPolicy.m; sourceTree = "<group>"; };
		DE3C3E6A1F3437D100C11287 /* AFURLRequestSerialization.h */ = {isa = PBXFileReference; fileEncoding = 4; lastKnownFileType = sourcecode.c.h; path = AFURLRequestSerialization.h; sourceTree = "<group>"; };
		DE3C3E6B1F3437D100C11287 /* AFURLRequestSerialization.m */ = {isa = PBXFileReference; fileEncoding = 4; lastKnownFileType = sourcecode.c.objc; path = AFURLRequestSerialization.m; sourceTree = "<group>"; };
		DE3C3E6C1F3437D100C11287 /* AFURLResponseSerialization.h */ = {isa = PBXFileReference; fileEncoding = 4; lastKnownFileType = sourcecode.c.h; path = AFURLResponseSerialization.h; sourceTree = "<group>"; };
		DE3C3E6D1F3437D100C11287 /* AFURLResponseSerialization.m */ = {isa = PBXFileReference; fileEncoding = 4; lastKnownFileType = sourcecode.c.objc; path = AFURLResponseSerialization.m; sourceTree = "<group>"; };
		DE3C3E6E1F3437D100C11287 /* AFURLSessionManager.h */ = {isa = PBXFileReference; fileEncoding = 4; lastKnownFileType = sourcecode.c.h; path = AFURLSessionManager.h; sourceTree = "<group>"; };
		DE3C3E6F1F3437D100C11287 /* AFURLSessionManager.m */ = {isa = PBXFileReference; fileEncoding = 4; lastKnownFileType = sourcecode.c.objc; path = AFURLSessionManager.m; sourceTree = "<group>"; };
		DE3C3E711F3437D100C11287 /* AFAutoPurgingImageCache.h */ = {isa = PBXFileReference; fileEncoding = 4; lastKnownFileType = sourcecode.c.h; path = AFAutoPurgingImageCache.h; sourceTree = "<group>"; };
		DE3C3E721F3437D100C11287 /* AFAutoPurgingImageCache.m */ = {isa = PBXFileReference; fileEncoding = 4; lastKnownFileType = sourcecode.c.objc; path = AFAutoPurgingImageCache.m; sourceTree = "<group>"; };
		DE3C3E731F3437D100C11287 /* AFImageDownloader.h */ = {isa = PBXFileReference; fileEncoding = 4; lastKnownFileType = sourcecode.c.h; path = AFImageDownloader.h; sourceTree = "<group>"; };
		DE3C3E741F3437D100C11287 /* AFImageDownloader.m */ = {isa = PBXFileReference; fileEncoding = 4; lastKnownFileType = sourcecode.c.objc; path = AFImageDownloader.m; sourceTree = "<group>"; };
		DE3C3E751F3437D100C11287 /* AFNetworkActivityIndicatorManager.h */ = {isa = PBXFileReference; fileEncoding = 4; lastKnownFileType = sourcecode.c.h; path = AFNetworkActivityIndicatorManager.h; sourceTree = "<group>"; };
		DE3C3E761F3437D100C11287 /* AFNetworkActivityIndicatorManager.m */ = {isa = PBXFileReference; fileEncoding = 4; lastKnownFileType = sourcecode.c.objc; path = AFNetworkActivityIndicatorManager.m; sourceTree = "<group>"; };
		DE3C3E771F3437D100C11287 /* UIActivityIndicatorView+AFNetworking.h */ = {isa = PBXFileReference; fileEncoding = 4; lastKnownFileType = sourcecode.c.h; path = "UIActivityIndicatorView+AFNetworking.h"; sourceTree = "<group>"; };
		DE3C3E781F3437D100C11287 /* UIActivityIndicatorView+AFNetworking.m */ = {isa = PBXFileReference; fileEncoding = 4; lastKnownFileType = sourcecode.c.objc; path = "UIActivityIndicatorView+AFNetworking.m"; sourceTree = "<group>"; };
		DE3C3E791F3437D100C11287 /* UIButton+AFNetworking.h */ = {isa = PBXFileReference; fileEncoding = 4; lastKnownFileType = sourcecode.c.h; path = "UIButton+AFNetworking.h"; sourceTree = "<group>"; };
		DE3C3E7A1F3437D100C11287 /* UIButton+AFNetworking.m */ = {isa = PBXFileReference; fileEncoding = 4; lastKnownFileType = sourcecode.c.objc; path = "UIButton+AFNetworking.m"; sourceTree = "<group>"; };
		DE3C3E7B1F3437D100C11287 /* UIImage+AFNetworking.h */ = {isa = PBXFileReference; fileEncoding = 4; lastKnownFileType = sourcecode.c.h; path = "UIImage+AFNetworking.h"; sourceTree = "<group>"; };
		DE3C3E7C1F3437D100C11287 /* UIImageView+AFNetworking.h */ = {isa = PBXFileReference; fileEncoding = 4; lastKnownFileType = sourcecode.c.h; path = "UIImageView+AFNetworking.h"; sourceTree = "<group>"; };
		DE3C3E7D1F3437D100C11287 /* UIImageView+AFNetworking.m */ = {isa = PBXFileReference; fileEncoding = 4; lastKnownFileType = sourcecode.c.objc; path = "UIImageView+AFNetworking.m"; sourceTree = "<group>"; };
		DE3C3E7E1F3437D100C11287 /* UIKit+AFNetworking.h */ = {isa = PBXFileReference; fileEncoding = 4; lastKnownFileType = sourcecode.c.h; path = "UIKit+AFNetworking.h"; sourceTree = "<group>"; };
		DE3C3E7F1F3437D100C11287 /* UIProgressView+AFNetworking.h */ = {isa = PBXFileReference; fileEncoding = 4; lastKnownFileType = sourcecode.c.h; path = "UIProgressView+AFNetworking.h"; sourceTree = "<group>"; };
		DE3C3E801F3437D100C11287 /* UIProgressView+AFNetworking.m */ = {isa = PBXFileReference; fileEncoding = 4; lastKnownFileType = sourcecode.c.objc; path = "UIProgressView+AFNetworking.m"; sourceTree = "<group>"; };
		DE3C3E811F3437D100C11287 /* UIRefreshControl+AFNetworking.h */ = {isa = PBXFileReference; fileEncoding = 4; lastKnownFileType = sourcecode.c.h; path = "UIRefreshControl+AFNetworking.h"; sourceTree = "<group>"; };
		DE3C3E821F3437D100C11287 /* UIRefreshControl+AFNetworking.m */ = {isa = PBXFileReference; fileEncoding = 4; lastKnownFileType = sourcecode.c.objc; path = "UIRefreshControl+AFNetworking.m"; sourceTree = "<group>"; };
		DE3C3E831F3437D100C11287 /* UIWebView+AFNetworking.h */ = {isa = PBXFileReference; fileEncoding = 4; lastKnownFileType = sourcecode.c.h; path = "UIWebView+AFNetworking.h"; sourceTree = "<group>"; };
		DE3C3E841F3437D100C11287 /* UIWebView+AFNetworking.m */ = {isa = PBXFileReference; fileEncoding = 4; lastKnownFileType = sourcecode.c.objc; path = "UIWebView+AFNetworking.m"; sourceTree = "<group>"; };
		DE4475A71F383B8200867218 /* Drone.h */ = {isa = PBXFileReference; fileEncoding = 4; lastKnownFileType = sourcecode.c.h; path = Drone.h; sourceTree = "<group>"; };
		DE4475A81F383B8200867218 /* Drone.m */ = {isa = PBXFileReference; fileEncoding = 4; lastKnownFileType = sourcecode.c.objc; path = Drone.m; sourceTree = "<group>"; };
		DE4475AA1F38499100867218 /* QueuedCommand.h */ = {isa = PBXFileReference; fileEncoding = 4; lastKnownFileType = sourcecode.c.h; path = QueuedCommand.h; sourceTree = "<group>"; };
		DE4475AB1F38499100867218 /* QueuedCommand.m */ = {isa = PBXFileReference; fileEncoding = 4; lastKnownFileType = sourcecode.c.objc; path = QueuedCommand.m; sourceTree = "<group>"; };
/* End PBXFileReference section */

/* Begin PBXFrameworksBuildPhase section */
		DE00DA181F31BD11005103AE /* Frameworks */ = {
			isa = PBXFrameworksBuildPhase;
			buildActionMask = 2147483647;
			files = (
			);
			runOnlyForDeploymentPostprocessing = 0;
		};
/* End PBXFrameworksBuildPhase section */

/* Begin PBXGroup section */
		DE00DA121F31BD11005103AE = {
			isa = PBXGroup;
			children = (
				DE00DA1D1F31BD11005103AE /* Labyrinth */,
				DE00DA1C1F31BD11005103AE /* Products */,
			);
			sourceTree = "<group>";
		};
		DE00DA1C1F31BD11005103AE /* Products */ = {
			isa = PBXGroup;
			children = (
				DE00DA1B1F31BD11005103AE /* Labyrinth.app */,
			);
			name = Products;
			sourceTree = "<group>";
		};
		DE00DA1D1F31BD11005103AE /* Labyrinth */ = {
			isa = PBXGroup;
			children = (
				DE4475A61F383AAA00867218 /* Drones */,
				DE00DEFC1F31BDFA005103AE /* DownloadHelper */,
				DE00DA211F31BD11005103AE /* AppDelegate.h */,
				DE00DA221F31BD11005103AE /* AppDelegate.m */,
				DE00DA241F31BD11005103AE /* ViewController.h */,
				DE00DA251F31BD11005103AE /* ViewController.m */,
				DE00DA271F31BD11005103AE /* Main.storyboard */,
				DE00DA2D1F31BD11005103AE /* Assets.xcassets */,
				DE00DA2F1F31BD11005103AE /* LaunchScreen.storyboard */,
				DE00DA321F31BD11005103AE /* Info.plist */,
				DE00DA2A1F31BD11005103AE /* Labyrinth.xcdatamodeld */,
				DE00DA1E1F31BD11005103AE /* Supporting Files */,
			);
			path = Labyrinth;
			sourceTree = "<group>";
		};
		DE00DA1E1F31BD11005103AE /* Supporting Files */ = {
			isa = PBXGroup;
			children = (
				DE00DA1F1F31BD11005103AE /* main.m */,
			);
			name = "Supporting Files";
			sourceTree = "<group>";
		};
		DE00DEFC1F31BDFA005103AE /* DownloadHelper */ = {
			isa = PBXGroup;
			children = (
				DE3C3E621F3437D100C11287 /* AFNetworking */,
				DE3C3E701F3437D100C11287 /* UIKit+AFNetworking */,
				DE00DEFD1F31BE18005103AE /* RestHelper.h */,
				DE00DEFE1F31BE18005103AE /* RestHelper.m */,
			);
			name = DownloadHelper;
			sourceTree = "<group>";
		};
		DE3C3E621F3437D100C11287 /* AFNetworking */ = {
			isa = PBXGroup;
			children = (
				DE3C3E631F3437D100C11287 /* AFHTTPSessionManager.h */,
				DE3C3E641F3437D100C11287 /* AFHTTPSessionManager.m */,
				DE3C3E651F3437D100C11287 /* AFNetworking.h */,
				DE3C3E661F3437D100C11287 /* AFNetworkReachabilityManager.h */,
				DE3C3E671F3437D100C11287 /* AFNetworkReachabilityManager.m */,
				DE3C3E681F3437D100C11287 /* AFSecurityPolicy.h */,
				DE3C3E691F3437D100C11287 /* AFSecurityPolicy.m */,
				DE3C3E6A1F3437D100C11287 /* AFURLRequestSerialization.h */,
				DE3C3E6B1F3437D100C11287 /* AFURLRequestSerialization.m */,
				DE3C3E6C1F3437D100C11287 /* AFURLResponseSerialization.h */,
				DE3C3E6D1F3437D100C11287 /* AFURLResponseSerialization.m */,
				DE3C3E6E1F3437D100C11287 /* AFURLSessionManager.h */,
				DE3C3E6F1F3437D100C11287 /* AFURLSessionManager.m */,
			);
			path = AFNetworking;
			sourceTree = "<group>";
		};
		DE3C3E701F3437D100C11287 /* UIKit+AFNetworking */ = {
			isa = PBXGroup;
			children = (
				DE3C3E711F3437D100C11287 /* AFAutoPurgingImageCache.h */,
				DE3C3E721F3437D100C11287 /* AFAutoPurgingImageCache.m */,
				DE3C3E731F3437D100C11287 /* AFImageDownloader.h */,
				DE3C3E741F3437D100C11287 /* AFImageDownloader.m */,
				DE3C3E751F3437D100C11287 /* AFNetworkActivityIndicatorManager.h */,
				DE3C3E761F3437D100C11287 /* AFNetworkActivityIndicatorManager.m */,
				DE3C3E771F3437D100C11287 /* UIActivityIndicatorView+AFNetworking.h */,
				DE3C3E781F3437D100C11287 /* UIActivityIndicatorView+AFNetworking.m */,
				DE3C3E791F3437D100C11287 /* UIButton+AFNetworking.h */,
				DE3C3E7A1F3437D100C11287 /* UIButton+AFNetworking.m */,
				DE3C3E7B1F3437D100C11287 /* UIImage+AFNetworking.h */,
				DE3C3E7C1F3437D100C11287 /* UIImageView+AFNetworking.h */,
				DE3C3E7D1F3437D100C11287 /* UIImageView+AFNetworking.m */,
				DE3C3E7E1F3437D100C11287 /* UIKit+AFNetworking.h */,
				DE3C3E7F1F3437D100C11287 /* UIProgressView+AFNetworking.h */,
				DE3C3E801F3437D100C11287 /* UIProgressView+AFNetworking.m */,
				DE3C3E811F3437D100C11287 /* UIRefreshControl+AFNetworking.h */,
				DE3C3E821F3437D100C11287 /* UIRefreshControl+AFNetworking.m */,
				DE3C3E831F3437D100C11287 /* UIWebView+AFNetworking.h */,
				DE3C3E841F3437D100C11287 /* UIWebView+AFNetworking.m */,
			);
			path = "UIKit+AFNetworking";
			sourceTree = "<group>";
		};
		DE4475A61F383AAA00867218 /* Drones */ = {
			isa = PBXGroup;
			children = (
				DE3C3E5F1F34352E00C11287 /* DroneCommand.h */,
				DE3C3E601F34352E00C11287 /* DroneCommand.m */,
				DE4475A71F383B8200867218 /* Drone.h */,
				DE4475A81F383B8200867218 /* Drone.m */,
				DE4475AA1F38499100867218 /* QueuedCommand.h */,
				DE4475AB1F38499100867218 /* QueuedCommand.m */,
			);
			name = Drones;
			sourceTree = "<group>";
		};
/* End PBXGroup section */

/* Begin PBXNativeTarget section */
		DE00DA1A1F31BD11005103AE /* Labyrinth */ = {
			isa = PBXNativeTarget;
			buildConfigurationList = DE00DA351F31BD11005103AE /* Build configuration list for PBXNativeTarget "Labyrinth" */;
			buildPhases = (
				DE00DA171F31BD11005103AE /* Sources */,
				DE00DA181F31BD11005103AE /* Frameworks */,
				DE00DA191F31BD11005103AE /* Resources */,
			);
			buildRules = (
			);
			dependencies = (
			);
			name = Labyrinth;
			productName = Labyrinth;
			productReference = DE00DA1B1F31BD11005103AE /* Labyrinth.app */;
			productType = "com.apple.product-type.application";
		};
/* End PBXNativeTarget section */

/* Begin PBXProject section */
		DE00DA131F31BD11005103AE /* Project object */ = {
			isa = PBXProject;
			attributes = {
				LastUpgradeCheck = 0830;
				ORGANIZATIONNAME = Rolan;
				TargetAttributes = {
					DE00DA1A1F31BD11005103AE = {
						CreatedOnToolsVersion = 8.3.2;
						DevelopmentTeam = BVT5VLUHJF;
						ProvisioningStyle = Automatic;
					};
				};
			};
			buildConfigurationList = DE00DA161F31BD11005103AE /* Build configuration list for PBXProject "Labyrinth" */;
			compatibilityVersion = "Xcode 3.2";
			developmentRegion = English;
			hasScannedForEncodings = 0;
			knownRegions = (
				en,
				Base,
			);
			mainGroup = DE00DA121F31BD11005103AE;
			productRefGroup = DE00DA1C1F31BD11005103AE /* Products */;
			projectDirPath = "";
			projectRoot = "";
			targets = (
				DE00DA1A1F31BD11005103AE /* Labyrinth */,
			);
		};
/* End PBXProject section */

/* Begin PBXResourcesBuildPhase section */
		DE00DA191F31BD11005103AE /* Resources */ = {
			isa = PBXResourcesBuildPhase;
			buildActionMask = 2147483647;
			files = (
				DE00DA311F31BD11005103AE /* LaunchScreen.storyboard in Resources */,
				DE00DA2E1F31BD11005103AE /* Assets.xcassets in Resources */,
				DE00DA291F31BD11005103AE /* Main.storyboard in Resources */,
			);
			runOnlyForDeploymentPostprocessing = 0;
		};
/* End PBXResourcesBuildPhase section */

/* Begin PBXSourcesBuildPhase section */
		DE00DA171F31BD11005103AE /* Sources */ = {
			isa = PBXSourcesBuildPhase;
			buildActionMask = 2147483647;
			files = (
				DE3C3E911F3437D100C11287 /* UIProgressView+AFNetworking.m in Sources */,
				DE3C3E8F1F3437D100C11287 /* UIButton+AFNetworking.m in Sources */,
				DE3C3E921F3437D100C11287 /* UIRefreshControl+AFNetworking.m in Sources */,
				DE00DA261F31BD11005103AE /* ViewController.m in Sources */,
				DE3C3E871F3437D100C11287 /* AFSecurityPolicy.m in Sources */,
				DE00DA231F31BD11005103AE /* AppDelegate.m in Sources */,
				DE00DEFF1F31BE18005103AE /* RestHelper.m in Sources */,
				DE3C3E891F3437D100C11287 /* AFURLResponseSerialization.m in Sources */,
				DE4475AC1F38499100867218 /* QueuedCommand.m in Sources */,
				DE00DA201F31BD11005103AE /* main.m in Sources */,
				DE3C3E901F3437D100C11287 /* UIImageView+AFNetworking.m in Sources */,
				DE3C3E611F34352E00C11287 /* DroneCommand.m in Sources */,
				DE3C3E851F3437D100C11287 /* AFHTTPSessionManager.m in Sources */,
				DE3C3E8B1F3437D100C11287 /* AFAutoPurgingImageCache.m in Sources */,
				DE3C3E881F3437D100C11287 /* AFURLRequestSerialization.m in Sources */,
				DE3C3E8A1F3437D100C11287 /* AFURLSessionManager.m in Sources */,
				DE3C3E8C1F3437D100C11287 /* AFImageDownloader.m in Sources */,
				DE4475A91F383B8200867218 /* Drone.m in Sources */,
				DE3C3E861F3437D100C11287 /* AFNetworkReachabilityManager.m in Sources */,
				DE3C3E931F3437D100C11287 /* UIWebView+AFNetworking.m in Sources */,
				DE00DA2C1F31BD11005103AE /* Labyrinth.xcdatamodeld in Sources */,
				DE3C3E8E1F3437D100C11287 /* UIActivityIndicatorView+AFNetworking.m in Sources */,
				DE3C3E8D1F3437D100C11287 /* AFNetworkActivityIndicatorManager.m in Sources */,
			);
			runOnlyForDeploymentPostprocessing = 0;
		};
/* End PBXSourcesBuildPhase section */

/* Begin PBXVariantGroup section */
		DE00DA271F31BD11005103AE /* Main.storyboard */ = {
			isa = PBXVariantGroup;
			children = (
				DE00DA281F31BD11005103AE /* Base */,
			);
			name = Main.storyboard;
			sourceTree = "<group>";
		};
		DE00DA2F1F31BD11005103AE /* LaunchScreen.storyboard */ = {
			isa = PBXVariantGroup;
			children = (
				DE00DA301F31BD11005103AE /* Base */,
			);
			name = LaunchScreen.storyboard;
			sourceTree = "<group>";
		};
/* End PBXVariantGroup section */

/* Begin XCBuildConfiguration section */
		DE00DA331F31BD11005103AE /* Debug */ = {
			isa = XCBuildConfiguration;
			buildSettings = {
				ALWAYS_SEARCH_USER_PATHS = NO;
				CLANG_ANALYZER_NONNULL = YES;
				CLANG_ANALYZER_NUMBER_OBJECT_CONVERSION = YES_AGGRESSIVE;
				CLANG_CXX_LANGUAGE_STANDARD = "gnu++0x";
				CLANG_CXX_LIBRARY = "libc++";
				CLANG_ENABLE_MODULES = YES;
				CLANG_ENABLE_OBJC_ARC = YES;
				CLANG_WARN_BOOL_CONVERSION = YES;
				CLANG_WARN_CONSTANT_CONVERSION = YES;
				CLANG_WARN_DIRECT_OBJC_ISA_USAGE = YES_ERROR;
				CLANG_WARN_DOCUMENTATION_COMMENTS = YES;
				CLANG_WARN_EMPTY_BODY = YES;
				CLANG_WARN_ENUM_CONVERSION = YES;
				CLANG_WARN_INFINITE_RECURSION = YES;
				CLANG_WARN_INT_CONVERSION = YES;
				CLANG_WARN_OBJC_ROOT_CLASS = YES_ERROR;
				CLANG_WARN_SUSPICIOUS_MOVE = YES;
				CLANG_WARN_UNREACHABLE_CODE = YES;
				CLANG_WARN__DUPLICATE_METHOD_MATCH = YES;
				"CODE_SIGN_IDENTITY[sdk=iphoneos*]" = "iPhone Developer";
				COPY_PHASE_STRIP = NO;
				DEBUG_INFORMATION_FORMAT = dwarf;
				ENABLE_STRICT_OBJC_MSGSEND = YES;
				ENABLE_TESTABILITY = YES;
				GCC_C_LANGUAGE_STANDARD = gnu99;
				GCC_DYNAMIC_NO_PIC = NO;
				GCC_NO_COMMON_BLOCKS = YES;
				GCC_OPTIMIZATION_LEVEL = 0;
				GCC_PREPROCESSOR_DEFINITIONS = (
					"DEBUG=1",
					"$(inherited)",
				);
				GCC_WARN_64_TO_32_BIT_CONVERSION = YES;
				GCC_WARN_ABOUT_RETURN_TYPE = YES_ERROR;
				GCC_WARN_UNDECLARED_SELECTOR = YES;
				GCC_WARN_UNINITIALIZED_AUTOS = YES_AGGRESSIVE;
				GCC_WARN_UNUSED_FUNCTION = YES;
				GCC_WARN_UNUSED_VARIABLE = YES;
				IPHONEOS_DEPLOYMENT_TARGET = 10.3;
				MTL_ENABLE_DEBUG_INFO = YES;
				ONLY_ACTIVE_ARCH = YES;
				SDKROOT = iphoneos;
				TARGETED_DEVICE_FAMILY = "1,2";
			};
			name = Debug;
		};
		DE00DA341F31BD11005103AE /* Release */ = {
			isa = XCBuildConfiguration;
			buildSettings = {
				ALWAYS_SEARCH_USER_PATHS = NO;
				CLANG_ANALYZER_NONNULL = YES;
				CLANG_ANALYZER_NUMBER_OBJECT_CONVERSION = YES_AGGRESSIVE;
				CLANG_CXX_LANGUAGE_STANDARD = "gnu++0x";
				CLANG_CXX_LIBRARY = "libc++";
				CLANG_ENABLE_MODULES = YES;
				CLANG_ENABLE_OBJC_ARC = YES;
				CLANG_WARN_BOOL_CONVERSION = YES;
				CLANG_WARN_CONSTANT_CONVERSION = YES;
				CLANG_WARN_DIRECT_OBJC_ISA_USAGE = YES_ERROR;
				CLANG_WARN_DOCUMENTATION_COMMENTS = YES;
				CLANG_WARN_EMPTY_BODY = YES;
				CLANG_WARN_ENUM_CONVERSION = YES;
				CLANG_WARN_INFINITE_RECURSION = YES;
				CLANG_WARN_INT_CONVERSION = YES;
				CLANG_WARN_OBJC_ROOT_CLASS = YES_ERROR;
				CLANG_WARN_SUSPICIOUS_MOVE = YES;
				CLANG_WARN_UNREACHABLE_CODE = YES;
				CLANG_WARN__DUPLICATE_METHOD_MATCH = YES;
				"CODE_SIGN_IDENTITY[sdk=iphoneos*]" = "iPhone Developer";
				COPY_PHASE_STRIP = NO;
				DEBUG_INFORMATION_FORMAT = "dwarf-with-dsym";
				ENABLE_NS_ASSERTIONS = NO;
				ENABLE_STRICT_OBJC_MSGSEND = YES;
				GCC_C_LANGUAGE_STANDARD = gnu99;
				GCC_NO_COMMON_BLOCKS = YES;
				GCC_WARN_64_TO_32_BIT_CONVERSION = YES;
				GCC_WARN_ABOUT_RETURN_TYPE = YES_ERROR;
				GCC_WARN_UNDECLARED_SELECTOR = YES;
				GCC_WARN_UNINITIALIZED_AUTOS = YES_AGGRESSIVE;
				GCC_WARN_UNUSED_FUNCTION = YES;
				GCC_WARN_UNUSED_VARIABLE = YES;
				IPHONEOS_DEPLOYMENT_TARGET = 10.3;
				MTL_ENABLE_DEBUG_INFO = NO;
				SDKROOT = iphoneos;
				TARGETED_DEVICE_FAMILY = "1,2";
				VALIDATE_PRODUCT = YES;
			};
			name = Release;
		};
		DE00DA361F31BD11005103AE /* Debug */ = {
			isa = XCBuildConfiguration;
			buildSettings = {
				ASSETCATALOG_COMPILER_APPICON_NAME = AppIcon;
				DEVELOPMENT_TEAM = BVT5VLUHJF;
				INFOPLIST_FILE = Labyrinth/Info.plist;
				LD_RUNPATH_SEARCH_PATHS = "$(inherited) @executable_path/Frameworks";
				PRODUCT_BUNDLE_IDENTIFIER = com.rolan.Labyrinth;
				PRODUCT_NAME = "$(TARGET_NAME)";
			};
			name = Debug;
		};
		DE00DA371F31BD11005103AE /* Release */ = {
			isa = XCBuildConfiguration;
			buildSettings = {
				ASSETCATALOG_COMPILER_APPICON_NAME = AppIcon;
				DEVELOPMENT_TEAM = BVT5VLUHJF;
				INFOPLIST_FILE = Labyrinth/Info.plist;
				LD_RUNPATH_SEARCH_PATHS = "$(inherited) @executable_path/Frameworks";
				PRODUCT_BUNDLE_IDENTIFIER = com.rolan.Labyrinth;
				PRODUCT_NAME = "$(TARGET_NAME)";
			};
			name = Release;
		};
/* End XCBuildConfiguration section */

/* Begin XCConfigurationList section */
		DE00DA161F31BD11005103AE /* Build configuration list for PBXProject "Labyrinth" */ = {
			isa = XCConfigurationList;
			buildConfigurations = (
				DE00DA331F31BD11005103AE /* Debug */,
				DE00DA341F31BD11005103AE /* Release */,
			);
			defaultConfigurationIsVisible = 0;
			defaultConfigurationName = Release;
		};
		DE00DA351F31BD11005103AE /* Build configuration list for PBXNativeTarget "Labyrinth" */ = {
			isa = XCConfigurationList;
			buildConfigurations = (
				DE00DA361F31BD11005103AE /* Debug */,
				DE00DA371F31BD11005103AE /* Release */,
			);
			defaultConfigurationIsVisible = 0;
			defaultConfigurationName = Release;
		};
/* End XCConfigurationList section */

/* Begin XCVersionGroup section */
		DE00DA2A1F31BD11005103AE /* Labyrinth.xcdatamodeld */ = {
			isa = XCVersionGroup;
			children = (
				DE00DA2B1F31BD11005103AE /* Labyrinth.xcdatamodel */,
			);
			currentVersion = DE00DA2B1F31BD11005103AE /* Labyrinth.xcdatamodel */;
			path = Labyrinth.xcdatamodeld;
			sourceTree = "<group>";
			versionGroupType = wrapper.xcdatamodel;
		};
/* End XCVersionGroup section */
	};
	rootObject = DE00DA131F31BD11005103AE /* Project object */;
}
